
Microsoft Visual Studio Solution File, Format Version 12.00
# Visual Studio 2012
Project("{FAE04EC0-301F-11D3-BF4B-00C04F79EFBC}") = "01DefiningClasses", "01DefiningClasses\01DefiningClasses.csproj", "{E57957DC-E316-4F49-AA15-BADAEF96F4DE}"
EndProject
Global
	GlobalSection(SolutionConfigurationPlatforms) = preSolution
		Debug|Any CPU = Debug|Any CPU
		Release|Any CPU = Release|Any CPU
	EndGlobalSection
	GlobalSection(ProjectConfigurationPlatforms) = postSolution
		{E57957DC-E316-4F49-AA15-BADAEF96F4DE}.Debug|Any CPU.ActiveCfg = Debug|Any CPU
		{E57957DC-E316-4F49-AA15-BADAEF96F4DE}.Debug|Any CPU.Build.0 = Debug|Any CPU
		{E57957DC-E316-4F49-AA15-BADAEF96F4DE}.Release|Any CPU.ActiveCfg = Release|Any CPU
		{E57957DC-E316-4F49-AA15-BADAEF96F4DE}.Release|Any CPU.Build.0 = Release|Any CPU
	EndGlobalSection
	GlobalSection(SolutionProperties) = preSolution
		HideSolutionNode = FALSE
	EndGlobalSection
EndGlobal
